
Microsoft Visual Studio Solution File, Format Version 12.00
# Visual Studio Version 17
VisualStudioVersion = 17.8.34330.188
MinimumVisualStudioVersion = 10.0.40219.1
Project("{888888A0-9F3D-457C-B088-3A5042F75D52}") = "course project phase 3", "course project phase 3.pyproj", "{BBCD093C-8556-4507-AEE9-8E54A42CBE47}"
EndProject
Global
	GlobalSection(SolutionConfigurationPlatforms) = preSolution
		Debug|Any CPU = Debug|Any CPU
		Release|Any CPU = Release|Any CPU
	EndGlobalSection
	GlobalSection(ProjectConfigurationPlatforms) = postSolution
		{BBCD093C-8556-4507-AEE9-8E54A42CBE47}.Debug|Any CPU.ActiveCfg = Debug|Any CPU
		{BBCD093C-8556-4507-AEE9-8E54A42CBE47}.Release|Any CPU.ActiveCfg = Release|Any CPU
	EndGlobalSection
	GlobalSection(SolutionProperties) = preSolution
		HideSolutionNode = FALSE
	EndGlobalSection
	GlobalSection(ExtensibilityGlobals) = postSolution
		SolutionGuid = {D8E24EE4-1989-4BC2-89FD-B359135EC103}
	EndGlobalSection
EndGlobal
